
Microsoft Visual Studio Solution File, Format Version 12.00
# Visual Studio Version 17
VisualStudioVersion = 17.4.33205.214
MinimumVisualStudioVersion = 10.0.40219.1
Project("{FAE04EC0-301F-11D3-BF4B-00C04F79EFBC}") = "Multiple Implementations Of The Same Interface", "Multiple Implementations Of The Same Interface\Multiple Implementations Of The Same Interface.csproj", "{027C3C2E-33AD-4DA9-AB3D-38FE14A1DD0E}"
EndProject
Global
	GlobalSection(SolutionConfigurationPlatforms) = preSolution
		Debug|Any CPU = Debug|Any CPU
		Release|Any CPU = Release|Any CPU
	EndGlobalSection
	GlobalSection(ProjectConfigurationPlatforms) = postSolution
		{027C3C2E-33AD-4DA9-AB3D-38FE14A1DD0E}.Debug|Any CPU.ActiveCfg = Debug|Any CPU
		{027C3C2E-33AD-4DA9-AB3D-38FE14A1DD0E}.Debug|Any CPU.Build.0 = Debug|Any CPU
		{027C3C2E-33AD-4DA9-AB3D-38FE14A1DD0E}.Release|Any CPU.ActiveCfg = Release|Any CPU
		{027C3C2E-33AD-4DA9-AB3D-38FE14A1DD0E}.Release|Any CPU.Build.0 = Release|Any CPU
	EndGlobalSection
	GlobalSection(SolutionProperties) = preSolution
		HideSolutionNode = FALSE
	EndGlobalSection
	GlobalSection(ExtensibilityGlobals) = postSolution
		SolutionGuid = {E84FB310-3AC9-474D-8A3B-53D62D9DC40C}
	EndGlobalSection
EndGlobal
